<?xml version="1.0" encoding="utf-8"?>
<Project ToolsVersion="4.0" xmlns="http://schemas.microsoft.com/developer/msbuild/2003">
  <ItemGroup>
    <Filter Include="Kernel">
      <UniqueIdentifier>{83643a4d-a915-4faa-9eef-6259ab1f04ac}</UniqueIdentifier>
    </Filter>
  </ItemGroup>
  <ItemGroup>
    <ClCompile Include="Frustum.cpp">
      <Filter>Kernel</Filter>
    </ClCompile>
    <ClCompile Include="StdAfx.cpp">
      <Filter>Kernel</Filter>
    </ClCompile>
    <ClCompile Include="xrCDB.cpp">
      <Filter>Kernel</Filter>
    </ClCompile>
    <ClCompile Include="xrCDB_box.cpp">
      <Filter>Kernel</Filter>
    </ClCompile>
    <ClCompile Include="xrCDB_Collector.cpp">
      <Filter>Kernel</Filter>
    </ClCompile>
    <ClCompile Include="xrCDB_frustum.cpp">
      <Filter>Kernel</Filter>
    </ClCompile>
    <ClCompile Include="xrCDB_ray.cpp">
      <Filter>Kernel</Filter>
    </ClCompile>
    <ClCompile Include="ISpatial.cpp">
      <Filter>Kernel</Filter>
    </ClCompile>
    <ClCompile Include="ISpatial_q_box.cpp">
      <Filter>Kernel</Filter>
    </ClCompile>
    <ClCompile Include="ISpatial_q_frustum.cpp">
      <Filter>Kernel</Filter>
    </ClCompile>
    <ClCompile Include="ISpatial_q_ray.cpp">
      <Filter>Kernel</Filter>
    </ClCompile>
    <ClCompile Include="ISpatial_verify.cpp">
      <Filter>Kernel</Filter>
    </ClCompile>
    <ClCompile Include="xrXRC.cpp">
      <Filter>Kernel</Filter>
    </ClCompile>
  </ItemGroup>
  <ItemGroup>
    <ClInclude Include="Frustum.h">
      <Filter>Kernel</Filter>
    </ClInclude>
    <ClInclude Include="StdAfx.h">
      <Filter>Kernel</Filter>
    </ClInclude>
    <ClInclude Include="xrCDB.h">
      <Filter>Kernel</Filter>
    </ClInclude>
    <ClInclude Include="ISpatial.h">
      <Filter>Kernel</Filter>
    </ClInclude>
    <ClInclude Include="xr_collide_defs.h">
      <Filter>Kernel</Filter>
    </ClInclude>
    <ClInclude Include="xrXRC.h">
      <Filter>Kernel</Filter>
    </ClInclude>
  </ItemGroup>
</Project>
